// !$*UTF8*$!
{
	archiveVersion = 1;
	classes = {
	};
	objectVersion = 56;
	objects = {

/* Begin PBXBuildFile section */
		361D1A092A726F2A00D5B199 /* AppStoreModels.swift in Sources */ = {isa = PBXBuildFile; fileRef = 361D1A082A726F2A00D5B199 /* AppStoreModels.swift */; };
		361D1A0B2A72733700D5B199 /* DataBuilder.swift in Sources */ = {isa = PBXBuildFile; fileRef = 361D1A0A2A72733700D5B199 /* DataBuilder.swift */; };
		361D1A0F2A728D6100D5B199 /* MediumCollectionViewCell.swift in Sources */ = {isa = PBXBuildFile; fileRef = 361D1A0D2A728D6100D5B199 /* MediumCollectionViewCell.swift */; };
		361D1A102A728D6100D5B199 /* MediumCollectionViewCell.xib in Resources */ = {isa = PBXBuildFile; fileRef = 361D1A0E2A728D6100D5B199 /* MediumCollectionViewCell.xib */; };
		361D1A142A72954800D5B199 /* MediumTitleCollectionViewCell.swift in Sources */ = {isa = PBXBuildFile; fileRef = 361D1A122A72954800D5B199 /* MediumTitleCollectionViewCell.swift */; };
		361D1A152A72954800D5B199 /* MediumTitleCollectionViewCell.xib in Resources */ = {isa = PBXBuildFile; fileRef = 361D1A132A72954800D5B199 /* MediumTitleCollectionViewCell.xib */; };
		361D1A192A72991D00D5B199 /* SmallCollectionViewCell.swift in Sources */ = {isa = PBXBuildFile; fileRef = 361D1A172A72991D00D5B199 /* SmallCollectionViewCell.swift */; };
		361D1A1A2A72991D00D5B199 /* SmallCollectionViewCell.xib in Resources */ = {isa = PBXBuildFile; fileRef = 361D1A182A72991D00D5B199 /* SmallCollectionViewCell.xib */; };
		363A448B2A726161006CD0E1 /* AppDelegate.swift in Sources */ = {isa = PBXBuildFile; fileRef = 363A448A2A726161006CD0E1 /* AppDelegate.swift */; };
		363A448D2A726161006CD0E1 /* SceneDelegate.swift in Sources */ = {isa = PBXBuildFile; fileRef = 363A448C2A726161006CD0E1 /* SceneDelegate.swift */; };
		363A44942A726162006CD0E1 /* Assets.xcassets in Resources */ = {isa = PBXBuildFile; fileRef = 363A44932A726162006CD0E1 /* Assets.xcassets */; };
		363A44972A726162006CD0E1 /* LaunchScreen.storyboard in Resources */ = {isa = PBXBuildFile; fileRef = 363A44952A726162006CD0E1 /* LaunchScreen.storyboard */; };
		363A44A12A7262A6006CD0E1 /* AppStoreViewController.swift in Sources */ = {isa = PBXBuildFile; fileRef = 363A449F2A7262A6006CD0E1 /* AppStoreViewController.swift */; };
		363A44A22A7262A6006CD0E1 /* AppStoreViewController.xib in Resources */ = {isa = PBXBuildFile; fileRef = 363A44A02A7262A6006CD0E1 /* AppStoreViewController.xib */; };
		363A44A72A726867006CD0E1 /* BigItemCollectionViewCell.swift in Sources */ = {isa = PBXBuildFile; fileRef = 363A44A52A726867006CD0E1 /* BigItemCollectionViewCell.swift */; };
		363A44A82A726867006CD0E1 /* BigItemCollectionViewCell.xib in Resources */ = {isa = PBXBuildFile; fileRef = 363A44A62A726867006CD0E1 /* BigItemCollectionViewCell.xib */; };
/* End PBXBuildFile section */

/* Begin PBXFileReference section */
		361D1A082A726F2A00D5B199 /* AppStoreModels.swift */ = {isa = PBXFileReference; lastKnownFileType = sourcecode.swift; path = AppStoreModels.swift; sourceTree = "<group>"; };
		361D1A0A2A72733700D5B199 /* DataBuilder.swift */ = {isa = PBXFileReference; lastKnownFileType = sourcecode.swift; path = DataBuilder.swift; sourceTree = "<group>"; };
		361D1A0D2A728D6100D5B199 /* MediumCollectionViewCell.swift */ = {isa = PBXFileReference; lastKnownFileType = sourcecode.swift; path = MediumCollectionViewCell.swift; sourceTree = "<group>"; };
		361D1A0E2A728D6100D5B199 /* MediumCollectionViewCell.xib */ = {isa = PBXFileReference; lastKnownFileType = file.xib; path = MediumCollectionViewCell.xib; sourceTree = "<group>"; };
		361D1A122A72954800D5B199 /* MediumTitleCollectionViewCell.swift */ = {isa = PBXFileReference; lastKnownFileType = sourcecode.swift; path = MediumTitleCollectionViewCell.swift; sourceTree = "<group>"; };
		361D1A132A72954800D5B199 /* MediumTitleCollectionViewCell.xib */ = {isa = PBXFileReference; lastKnownFileType = file.xib; path = MediumTitleCollectionViewCell.xib; sourceTree = "<group>"; };
		361D1A172A72991D00D5B199 /* SmallCollectionViewCell.swift */ = {isa = PBXFileReference; lastKnownFileType = sourcecode.swift; path = SmallCollectionViewCell.swift; sourceTree = "<group>"; };
		361D1A182A72991D00D5B199 /* SmallCollectionViewCell.xib */ = {isa = PBXFileReference; lastKnownFileType = file.xib; path = SmallCollectionViewCell.xib; sourceTree = "<group>"; };
		363A44872A726161006CD0E1 /* AppStoreLayout.app */ = {isa = PBXFileReference; explicitFileType = wrapper.application; includeInIndex = 0; path = AppStoreLayout.app; sourceTree = BUILT_PRODUCTS_DIR; };
		363A448A2A726161006CD0E1 /* AppDelegate.swift */ = {isa = PBXFileReference; lastKnownFileType = sourcecode.swift; path = AppDelegate.swift; sourceTree = "<group>"; };
		363A448C2A726161006CD0E1 /* SceneDelegate.swift */ = {isa = PBXFileReference; lastKnownFileType = sourcecode.swift; path = SceneDelegate.swift; sourceTree = "<group>"; };
		363A44932A726162006CD0E1 /* Assets.xcassets */ = {isa = PBXFileReference; lastKnownFileType = folder.assetcatalog; path = Assets.xcassets; sourceTree = "<group>"; };
		363A44962A726162006CD0E1 /* Base */ = {isa = PBXFileReference; lastKnownFileType = file.storyboard; name = Base; path = Base.lproj/LaunchScreen.storyboard; sourceTree = "<group>"; };
		363A44982A726162006CD0E1 /* Info.plist */ = {isa = PBXFileReference; lastKnownFileType = text.plist.xml; path = Info.plist; sourceTree = "<group>"; };
		363A449F2A7262A6006CD0E1 /* AppStoreViewController.swift */ = {isa = PBXFileReference; lastKnownFileType = sourcecode.swift; path = AppStoreViewController.swift; sourceTree = "<group>"; };
		363A44A02A7262A6006CD0E1 /* AppStoreViewController.xib */ = {isa = PBXFileReference; lastKnownFileType = file.xib; path = AppStoreViewController.xib; sourceTree = "<group>"; };
		363A44A52A726867006CD0E1 /* BigItemCollectionViewCell.swift */ = {isa = PBXFileReference; lastKnownFileType = sourcecode.swift; path = BigItemCollectionViewCell.swift; sourceTree = "<group>"; };
		363A44A62A726867006CD0E1 /* BigItemCollectionViewCell.xib */ = {isa = PBXFileReference; lastKnownFileType = file.xib; path = BigItemCollectionViewCell.xib; sourceTree = "<group>"; };
/* End PBXFileReference section */

/* Begin PBXFrameworksBuildPhase section */
		363A44842A726161006CD0E1 /* Frameworks */ = {
			isa = PBXFrameworksBuildPhase;
			buildActionMask = 2147483647;
			files = (
			);
			runOnlyForDeploymentPostprocessing = 0;
		};
/* End PBXFrameworksBuildPhase section */

/* Begin PBXGroup section */
		361D1A062A726F0E00D5B199 /* View */ = {
			isa = PBXGroup;
			children = (
				363A449F2A7262A6006CD0E1 /* AppStoreViewController.swift */,
				363A44A02A7262A6006CD0E1 /* AppStoreViewController.xib */,
			);
			path = View;
			sourceTree = "<group>";
		};
		361D1A072A726F1600D5B199 /* Model */ = {
			isa = PBXGroup;
			children = (
				361D1A082A726F2A00D5B199 /* AppStoreModels.swift */,
				361D1A0A2A72733700D5B199 /* DataBuilder.swift */,
			);
			path = Model;
			sourceTree = "<group>";
		};
		361D1A0C2A728D5500D5B199 /* MediumCell */ = {
			isa = PBXGroup;
			children = (
				361D1A0D2A728D6100D5B199 /* MediumCollectionViewCell.swift */,
				361D1A0E2A728D6100D5B199 /* MediumCollectionViewCell.xib */,
			);
			path = MediumCell;
			sourceTree = "<group>";
		};
		361D1A112A72952B00D5B199 /* MediumTitleCell */ = {
			isa = PBXGroup;
			children = (
				361D1A122A72954800D5B199 /* MediumTitleCollectionViewCell.swift */,
				361D1A132A72954800D5B199 /* MediumTitleCollectionViewCell.xib */,
			);
			path = MediumTitleCell;
			sourceTree = "<group>";
		};
		361D1A162A7298FA00D5B199 /* SmallCell */ = {
			isa = PBXGroup;
			children = (
				361D1A172A72991D00D5B199 /* SmallCollectionViewCell.swift */,
				361D1A182A72991D00D5B199 /* SmallCollectionViewCell.xib */,
			);
			path = SmallCell;
			sourceTree = "<group>";
		};
		363A447E2A726161006CD0E1 = {
			isa = PBXGroup;
			children = (
				363A44892A726161006CD0E1 /* AppStoreLayout */,
				363A44882A726161006CD0E1 /* Products */,
			);
			sourceTree = "<group>";
		};
		363A44882A726161006CD0E1 /* Products */ = {
			isa = PBXGroup;
			children = (
				363A44872A726161006CD0E1 /* AppStoreLayout.app */,
			);
			name = Products;
			sourceTree = "<group>";
		};
		363A44892A726161006CD0E1 /* AppStoreLayout */ = {
			isa = PBXGroup;
			children = (
				363A44A42A726829006CD0E1 /* Cells */,
				363A449E2A72628C006CD0E1 /* AppStoreViewController */,
				363A448A2A726161006CD0E1 /* AppDelegate.swift */,
				363A44A32A726645006CD0E1 /* Extensions */,
				363A448C2A726161006CD0E1 /* SceneDelegate.swift */,
				363A44932A726162006CD0E1 /* Assets.xcassets */,
				363A44952A726162006CD0E1 /* LaunchScreen.storyboard */,
				363A44982A726162006CD0E1 /* Info.plist */,
			);
			path = AppStoreLayout;
			sourceTree = "<group>";
		};
		363A449E2A72628C006CD0E1 /* AppStoreViewController */ = {
			isa = PBXGroup;
			children = (
				361D1A072A726F1600D5B199 /* Model */,
				361D1A062A726F0E00D5B199 /* View */,
			);
			path = AppStoreViewController;
			sourceTree = "<group>";
		};
		363A44A32A726645006CD0E1 /* Extensions */ = {
			isa = PBXGroup;
			children = (
			);
			path = Extensions;
			sourceTree = "<group>";
		};
		363A44A42A726829006CD0E1 /* Cells */ = {
			isa = PBXGroup;
			children = (
				361D1A162A7298FA00D5B199 /* SmallCell */,
				361D1A112A72952B00D5B199 /* MediumTitleCell */,
				361D1A0C2A728D5500D5B199 /* MediumCell */,
				363A44A92A72686B006CD0E1 /* BigCell */,
			);
			path = Cells;
			sourceTree = "<group>";
		};
		363A44A92A72686B006CD0E1 /* BigCell */ = {
			isa = PBXGroup;
			children = (
				363A44A52A726867006CD0E1 /* BigItemCollectionViewCell.swift */,
				363A44A62A726867006CD0E1 /* BigItemCollectionViewCell.xib */,
			);
			path = BigCell;
			sourceTree = "<group>";
		};
/* End PBXGroup section */

/* Begin PBXNativeTarget section */
		363A44862A726161006CD0E1 /* AppStoreLayout */ = {
			isa = PBXNativeTarget;
			buildConfigurationList = 363A449B2A726162006CD0E1 /* Build configuration list for PBXNativeTarget "AppStoreLayout" */;
			buildPhases = (
				363A44832A726161006CD0E1 /* Sources */,
				363A44842A726161006CD0E1 /* Frameworks */,
				363A44852A726161006CD0E1 /* Resources */,
			);
			buildRules = (
			);
			dependencies = (
			);
			name = AppStoreLayout;
			productName = AppStoreLayout;
			productReference = 363A44872A726161006CD0E1 /* AppStoreLayout.app */;
			productType = "com.apple.product-type.application";
		};
/* End PBXNativeTarget section */

/* Begin PBXProject section */
		363A447F2A726161006CD0E1 /* Project object */ = {
			isa = PBXProject;
			attributes = {
				BuildIndependentTargetsInParallel = 1;
				LastSwiftUpdateCheck = 1430;
				LastUpgradeCheck = 1430;
				TargetAttributes = {
					363A44862A726161006CD0E1 = {
						CreatedOnToolsVersion = 14.3.1;
					};
				};
			};
			buildConfigurationList = 363A44822A726161006CD0E1 /* Build configuration list for PBXProject "AppStoreLayout" */;
			compatibilityVersion = "Xcode 14.0";
			developmentRegion = en;
			hasScannedForEncodings = 0;
			knownRegions = (
				en,
				Base,
			);
			mainGroup = 363A447E2A726161006CD0E1;
			productRefGroup = 363A44882A726161006CD0E1 /* Products */;
			projectDirPath = "";
			projectRoot = "";
			targets = (
				363A44862A726161006CD0E1 /* AppStoreLayout */,
			);
		};
/* End PBXProject section */

/* Begin PBXResourcesBuildPhase section */
		363A44852A726161006CD0E1 /* Resources */ = {
			isa = PBXResourcesBuildPhase;
			buildActionMask = 2147483647;
			files = (
				363A44972A726162006CD0E1 /* LaunchScreen.storyboard in Resources */,
				363A44942A726162006CD0E1 /* Assets.xcassets in Resources */,
				361D1A1A2A72991D00D5B199 /* SmallCollectionViewCell.xib in Resources */,
				361D1A152A72954800D5B199 /* MediumTitleCollectionViewCell.xib in Resources */,
				363A44A82A726867006CD0E1 /* BigItemCollectionViewCell.xib in Resources */,
				361D1A102A728D6100D5B199 /* MediumCollectionViewCell.xib in Resources */,
				363A44A22A7262A6006CD0E1 /* AppStoreViewController.xib in Resources */,
			);
			runOnlyForDeploymentPostprocessing = 0;
		};
/* End PBXResourcesBuildPhase section */

/* Begin PBXSourcesBuildPhase section */
		363A44832A726161006CD0E1 /* Sources */ = {
			isa = PBXSourcesBuildPhase;
			buildActionMask = 2147483647;
			files = (
				361D1A142A72954800D5B199 /* MediumTitleCollectionViewCell.swift in Sources */,
				363A448B2A726161006CD0E1 /* AppDelegate.swift in Sources */,
				361D1A092A726F2A00D5B199 /* AppStoreModels.swift in Sources */,
				363A44A12A7262A6006CD0E1 /* AppStoreViewController.swift in Sources */,
				361D1A0B2A72733700D5B199 /* DataBuilder.swift in Sources */,
				363A44A72A726867006CD0E1 /* BigItemCollectionViewCell.swift in Sources */,
				361D1A0F2A728D6100D5B199 /* MediumCollectionViewCell.swift in Sources */,
				363A448D2A726161006CD0E1 /* SceneDelegate.swift in Sources */,
				361D1A192A72991D00D5B199 /* SmallCollectionViewCell.swift in Sources */,
			);
			runOnlyForDeploymentPostprocessing = 0;
		};
/* End PBXSourcesBuildPhase section */

/* Begin PBXVariantGroup section */
		363A44952A726162006CD0E1 /* LaunchScreen.storyboard */ = {
			isa = PBXVariantGroup;
			children = (
				363A44962A726162006CD0E1 /* Base */,
			);
			name = LaunchScreen.storyboard;
			sourceTree = "<group>";
		};
/* End PBXVariantGroup section */

/* Begin XCBuildConfiguration section */
		363A44992A726162006CD0E1 /* Debug */ = {
			isa = XCBuildConfiguration;
			buildSettings = {
				ALWAYS_SEARCH_USER_PATHS = NO;
				CLANG_ANALYZER_NONNULL = YES;
				CLANG_ANALYZER_NUMBER_OBJECT_CONVERSION = YES_AGGRESSIVE;
				CLANG_CXX_LANGUAGE_STANDARD = "gnu++20";
				CLANG_ENABLE_MODULES = YES;
				CLANG_ENABLE_OBJC_ARC = YES;
				CLANG_ENABLE_OBJC_WEAK = YES;
				CLANG_WARN_BLOCK_CAPTURE_AUTORELEASING = YES;
				CLANG_WARN_BOOL_CONVERSION = YES;
				CLANG_WARN_COMMA = YES;
				CLANG_WARN_CONSTANT_CONVERSION = YES;
				CLANG_WARN_DEPRECATED_OBJC_IMPLEMENTATIONS = YES;
				CLANG_WARN_DIRECT_OBJC_ISA_USAGE = YES_ERROR;
				CLANG_WARN_DOCUMENTATION_COMMENTS = YES;
				CLANG_WARN_EMPTY_BODY = YES;
				CLANG_WARN_ENUM_CONVERSION = YES;
				CLANG_WARN_INFINITE_RECURSION = YES;
				CLANG_WARN_INT_CONVERSION = YES;
				CLANG_WARN_NON_LITERAL_NULL_CONVERSION = YES;
				CLANG_WARN_OBJC_IMPLICIT_RETAIN_SELF = YES;
				CLANG_WARN_OBJC_LITERAL_CONVERSION = YES;
				CLANG_WARN_OBJC_ROOT_CLASS = YES_ERROR;
				CLANG_WARN_QUOTED_INCLUDE_IN_FRAMEWORK_HEADER = YES;
				CLANG_WARN_RANGE_LOOP_ANALYSIS = YES;
				CLANG_WARN_STRICT_PROTOTYPES = YES;
				CLANG_WARN_SUSPICIOUS_MOVE = YES;
				CLANG_WARN_UNGUARDED_AVAILABILITY = YES_AGGRESSIVE;
				CLANG_WARN_UNREACHABLE_CODE = YES;
				CLANG_WARN__DUPLICATE_METHOD_MATCH = YES;
				COPY_PHASE_STRIP = NO;
				DEBUG_INFORMATION_FORMAT = dwarf;
				ENABLE_STRICT_OBJC_MSGSEND = YES;
				ENABLE_TESTABILITY = YES;
				GCC_C_LANGUAGE_STANDARD = gnu11;
				GCC_DYNAMIC_NO_PIC = NO;
				GCC_NO_COMMON_BLOCKS = YES;
				GCC_OPTIMIZATION_LEVEL = 0;
				GCC_PREPROCESSOR_DEFINITIONS = (
					"DEBUG=1",
					"$(inherited)",
				);
				GCC_WARN_64_TO_32_BIT_CONVERSION = YES;
				GCC_WARN_ABOUT_RETURN_TYPE = YES_ERROR;
				GCC_WARN_UNDECLARED_SELECTOR = YES;
				GCC_WARN_UNINITIALIZED_AUTOS = YES_AGGRESSIVE;
				GCC_WARN_UNUSED_FUNCTION = YES;
				GCC_WARN_UNUSED_VARIABLE = YES;
				IPHONEOS_DEPLOYMENT_TARGET = 13.0;
				MTL_ENABLE_DEBUG_INFO = INCLUDE_SOURCE;
				MTL_FAST_MATH = YES;
				ONLY_ACTIVE_ARCH = YES;
				SDKROOT = iphoneos;
				SWIFT_ACTIVE_COMPILATION_CONDITIONS = DEBUG;
				SWIFT_OPTIMIZATION_LEVEL = "-Onone";
			};
			name = Debug;
		};
		363A449A2A726162006CD0E1 /* Release */ = {
			isa = XCBuildConfiguration;
			buildSettings = {
				ALWAYS_SEARCH_USER_PATHS = NO;
				CLANG_ANALYZER_NONNULL = YES;
				CLANG_ANALYZER_NUMBER_OBJECT_CONVERSION = YES_AGGRESSIVE;
				CLANG_CXX_LANGUAGE_STANDARD = "gnu++20";
				CLANG_ENABLE_MODULES = YES;
				CLANG_ENABLE_OBJC_ARC = YES;
				CLANG_ENABLE_OBJC_WEAK = YES;
				CLANG_WARN_BLOCK_CAPTURE_AUTORELEASING = YES;
				CLANG_WARN_BOOL_CONVERSION = YES;
				CLANG_WARN_COMMA = YES;
				CLANG_WARN_CONSTANT_CONVERSION = YES;
				CLANG_WARN_DEPRECATED_OBJC_IMPLEMENTATIONS = YES;
				CLANG_WARN_DIRECT_OBJC_ISA_USAGE = YES_ERROR;
				CLANG_WARN_DOCUMENTATION_COMMENTS = YES;
				CLANG_WARN_EMPTY_BODY = YES;
				CLANG_WARN_ENUM_CONVERSION = YES;
				CLANG_WARN_INFINITE_RECURSION = YES;
				CLANG_WARN_INT_CONVERSION = YES;
				CLANG_WARN_NON_LITERAL_NULL_CONVERSION = YES;
				CLANG_WARN_OBJC_IMPLICIT_RETAIN_SELF = YES;
				CLANG_WARN_OBJC_LITERAL_CONVERSION = YES;
				CLANG_WARN_OBJC_ROOT_CLASS = YES_ERROR;
				CLANG_WARN_QUOTED_INCLUDE_IN_FRAMEWORK_HEADER = YES;
				CLANG_WARN_RANGE_LOOP_ANALYSIS = YES;
				CLANG_WARN_STRICT_PROTOTYPES = YES;
				CLANG_WARN_SUSPICIOUS_MOVE = YES;
				CLANG_WARN_UNGUARDED_AVAILABILITY = YES_AGGRESSIVE;
				CLANG_WARN_UNREACHABLE_CODE = YES;
				CLANG_WARN__DUPLICATE_METHOD_MATCH = YES;
				COPY_PHASE_STRIP = NO;
				DEBUG_INFORMATION_FORMAT = "dwarf-with-dsym";
				ENABLE_NS_ASSERTIONS = NO;
				ENABLE_STRICT_OBJC_MSGSEND = YES;
				GCC_C_LANGUAGE_STANDARD = gnu11;
				GCC_NO_COMMON_BLOCKS = YES;
				GCC_WARN_64_TO_32_BIT_CONVERSION = YES;
				GCC_WARN_ABOUT_RETURN_TYPE = YES_ERROR;
				GCC_WARN_UNDECLARED_SELECTOR = YES;
				GCC_WARN_UNINITIALIZED_AUTOS = YES_AGGRESSIVE;
				GCC_WARN_UNUSED_FUNCTION = YES;
				GCC_WARN_UNUSED_VARIABLE = YES;
				IPHONEOS_DEPLOYMENT_TARGET = 13.0;
				MTL_ENABLE_DEBUG_INFO = NO;
				MTL_FAST_MATH = YES;
				SDKROOT = iphoneos;
				SWIFT_COMPILATION_MODE = wholemodule;
				SWIFT_OPTIMIZATION_LEVEL = "-O";
				VALIDATE_PRODUCT = YES;
			};
			name = Release;
		};
		363A449C2A726162006CD0E1 /* Debug */ = {
			isa = XCBuildConfiguration;
			buildSettings = {
				ASSETCATALOG_COMPILER_APPICON_NAME = AppIcon;
				ASSETCATALOG_COMPILER_GLOBAL_ACCENT_COLOR_NAME = AccentColor;
				CODE_SIGN_STYLE = Automatic;
				CURRENT_PROJECT_VERSION = 1;
				DEVELOPMENT_TEAM = 65D24US5AQ;
				GENERATE_INFOPLIST_FILE = YES;
				INFOPLIST_FILE = AppStoreLayout/Info.plist;
				INFOPLIST_KEY_UIApplicationSupportsIndirectInputEvents = YES;
				INFOPLIST_KEY_UILaunchStoryboardName = LaunchScreen;
				INFOPLIST_KEY_UISupportedInterfaceOrientations = UIInterfaceOrientationPortrait;
				INFOPLIST_KEY_UISupportedInterfaceOrientations_iPad = "UIInterfaceOrientationLandscapeLeft UIInterfaceOrientationLandscapeRight UIInterfaceOrientationPortrait UIInterfaceOrientationPortraitUpsideDown";
				IPHONEOS_DEPLOYMENT_TARGET = 13.0;
				LD_RUNPATH_SEARCH_PATHS = (
					"$(inherited)",
					"@executable_path/Frameworks",
				);
				MARKETING_VERSION = 1.0;
				PRODUCT_BUNDLE_IDENTIFIER = com.AppStoreLayout;
				PRODUCT_NAME = "$(TARGET_NAME)";
				SWIFT_EMIT_LOC_STRINGS = YES;
				SWIFT_VERSION = 5.0;
				TARGETED_DEVICE_FAMILY = "1,2";
			};
			name = Debug;
		};
		363A449D2A726162006CD0E1 /* Release */ = {
			isa = XCBuildConfiguration;
			buildSettings = {
				ASSETCATALOG_COMPILER_APPICON_NAME = AppIcon;
				ASSETCATALOG_COMPILER_GLOBAL_ACCENT_COLOR_NAME = AccentColor;
				CODE_SIGN_STYLE = Automatic;
				CURRENT_PROJECT_VERSION = 1;
				DEVELOPMENT_TEAM = 65D24US5AQ;
				GENERATE_INFOPLIST_FILE = YES;
				INFOPLIST_FILE = AppStoreLayout/Info.plist;
				INFOPLIST_KEY_UIApplicationSupportsIndirectInputEvents = YES;
				INFOPLIST_KEY_UILaunchStoryboardName = LaunchScreen;
				INFOPLIST_KEY_UISupportedInterfaceOrientations = UIInterfaceOrientationPortrait;
				INFOPLIST_KEY_UISupportedInterfaceOrientations_iPad = "UIInterfaceOrientationLandscapeLeft UIInterfaceOrientationLandscapeRight UIInterfaceOrientationPortrait UIInterfaceOrientationPortraitUpsideDown";
				IPHONEOS_DEPLOYMENT_TARGET = 13.0;
				LD_RUNPATH_SEARCH_PATHS = (
					"$(inherited)",
					"@executable_path/Frameworks",
				);
				MARKETING_VERSION = 1.0;
				PRODUCT_BUNDLE_IDENTIFIER = com.AppStoreLayout;
				PRODUCT_NAME = "$(TARGET_NAME)";
				SWIFT_EMIT_LOC_STRINGS = YES;
				SWIFT_VERSION = 5.0;
				TARGETED_DEVICE_FAMILY = "1,2";
			};
			name = Release;
		};
/* End XCBuildConfiguration section */

/* Begin XCConfigurationList section */
		363A44822A726161006CD0E1 /* Build configuration list for PBXProject "AppStoreLayout" */ = {
			isa = XCConfigurationList;
			buildConfigurations = (
				363A44992A726162006CD0E1 /* Debug */,
				363A449A2A726162006CD0E1 /* Release */,
			);
			defaultConfigurationIsVisible = 0;
			defaultConfigurationName = Release;
		};
		363A449B2A726162006CD0E1 /* Build configuration list for PBXNativeTarget "AppStoreLayout" */ = {
			isa = XCConfigurationList;
			buildConfigurations = (
				363A449C2A726162006CD0E1 /* Debug */,
				363A449D2A726162006CD0E1 /* Release */,
			);
			defaultConfigurationIsVisible = 0;
			defaultConfigurationName = Release;
		};
/* End XCConfigurationList section */
	};
	rootObject = 363A447F2A726161006CD0E1 /* Project object */;
}
